
Microsoft Visual Studio Solution File, Format Version 12.00
# Visual Studio Version 16
VisualStudioVersion = 16.0.32901.82
MinimumVisualStudioVersion = 10.0.40219.1
Project("{8BC9CEB8-8B4A-11D0-8D11-00A0C91BC942}") = "KoreanC", "KoreanC\KoreanC.vcxproj", "{249C0052-27BA-4D68-B1F4-DECA5C246891}"
EndProject
Global
	GlobalSection(SolutionConfigurationPlatforms) = preSolution
		Debug|x64 = Debug|x64
		Debug|x86 = Debug|x86
		Release|x64 = Release|x64
		Release|x86 = Release|x86
	EndGlobalSection
	GlobalSection(ProjectConfigurationPlatforms) = postSolution
		{249C0052-27BA-4D68-B1F4-DECA5C246891}.Debug|x64.ActiveCfg = Debug|x64
		{249C0052-27BA-4D68-B1F4-DECA5C246891}.Debug|x64.Build.0 = Debug|x64
		{249C0052-27BA-4D68-B1F4-DECA5C246891}.Debug|x86.ActiveCfg = Debug|Win32
		{249C0052-27BA-4D68-B1F4-DECA5C246891}.Debug|x86.Build.0 = Debug|Win32
		{249C0052-27BA-4D68-B1F4-DECA5C246891}.Release|x64.ActiveCfg = Release|x64
		{249C0052-27BA-4D68-B1F4-DECA5C246891}.Release|x64.Build.0 = Release|x64
		{249C0052-27BA-4D68-B1F4-DECA5C246891}.Release|x86.ActiveCfg = Release|Win32
		{249C0052-27BA-4D68-B1F4-DECA5C246891}.Release|x86.Build.0 = Release|Win32
	EndGlobalSection
	GlobalSection(SolutionProperties) = preSolution
		HideSolutionNode = FALSE
	EndGlobalSection
	GlobalSection(ExtensibilityGlobals) = postSolution
		SolutionGuid = {51250E84-9D19-4EC8-A6B4-CFD723B3033D}
	EndGlobalSection
EndGlobal
